<?xml version="1.0" encoding="utf-8"?>
<Project ToolsVersion="4.0" xmlns="http://schemas.microsoft.com/developer/msbuild/2003">
  <ItemGroup>
    <Filter Include="src">
      <UniqueIdentifier>{e5f37e1c-702f-48d3-8147-0b8ecdf52ca5}</UniqueIdentifier>
    </Filter>
    <Filter Include="include">
      <UniqueIdentifier>{72c8d972-4e2c-44e3-9d9f-68a0c0850689}</UniqueIdentifier>
    </Filter>
  </ItemGroup>
  <ItemGroup>
    <ClCompile Include="..\src\alloc.cpp">
      <Filter>src</Filter>
    </ClCompile>
    <ClCompile Include="..\src\buffer.cpp">
      <Filter>src</Filter>
    </ClCompile>
    <ClCompile Include="..\src\core.cpp">
      <Filter>src</Filter>
    </ClCompile>
    <ClCompile Include="..\src\rdp.cpp">
      <Filter>src</Filter>
    </ClCompile>
    <ClCompile Include="..\src\session.cpp">
      <Filter>src</Filter>
    </ClCompile>
    <ClCompile Include="..\src\socket_api.cpp">
      <Filter>src</Filter>
    </ClCompile>
    <ClCompile Include="..\src\thread.cpp">
      <Filter>src</Filter>
    </ClCompile>
    <ClCompile Include="..\src\timer.cpp">
      <Filter>src</Filter>
    </ClCompile>
    <ClCompile Include="..\src\window.cpp">
      <Filter>src</Filter>
    </ClCompile>
    <ClCompile Include="..\src\test.h">
      <Filter>src</Filter>
    </ClCompile>
    <ClCompile Include="..\src\socket.cpp">
      <Filter>src</Filter>
    </ClCompile>
    <ClCompile Include="..\src\test.cpp">
      <Filter>src</Filter>
    </ClCompile>
    <ClCompile Include="..\src\iocp.cpp">
      <Filter>src</Filter>
    </ClCompile>
    <ClCompile Include="..\src\epoll.cpp">
      <Filter>src</Filter>
    </ClCompile>
    <ClCompile Include="..\src\send.cpp">
      <Filter>src</Filter>
    </ClCompile>
    <ClCompile Include="..\src\protocol.cpp">
      <Filter>src</Filter>
    </ClCompile>
    <ClCompile Include="..\src\recv_buffer.cpp">
      <Filter>src</Filter>
    </ClCompile>
  </ItemGroup>
  <ItemGroup>
    <ClInclude Include="..\src\alloc.h">
      <Filter>src</Filter>
    </ClInclude>
    <ClInclude Include="..\src\buffer.h">
      <Filter>src</Filter>
    </ClInclude>
    <ClInclude Include="..\src\core.h">
      <Filter>src</Filter>
    </ClInclude>
    <ClInclude Include="..\src\protocol.h">
      <Filter>src</Filter>
    </ClInclude>
    <ClInclude Include="..\src\recv_buffer.h">
      <Filter>src</Filter>
    </ClInclude>
    <ClInclude Include="..\src\send_buffer.h">
      <Filter>src</Filter>
    </ClInclude>
    <ClInclude Include="..\src\session.h">
      <Filter>src</Filter>
    </ClInclude>
    <ClInclude Include="..\src\socket_api.h">
      <Filter>src</Filter>
    </ClInclude>
    <ClInclude Include="..\src\thread.h">
      <Filter>src</Filter>
    </ClInclude>
    <ClInclude Include="..\src\timer.h">
      <Filter>src</Filter>
    </ClInclude>
    <ClInclude Include="..\src\socket.h">
      <Filter>src</Filter>
    </ClInclude>
    <ClInclude Include="..\src\iocp.h">
      <Filter>src</Filter>
    </ClInclude>
    <ClInclude Include="..\src\epoll.h">
      <Filter>src</Filter>
    </ClInclude>
    <ClInclude Include="..\src\send.h">
      <Filter>src</Filter>
    </ClInclude>
    <ClInclude Include="..\src\recv.h">
      <Filter>src</Filter>
    </ClInclude>
    <ClInclude Include="..\include\lint.h">
      <Filter>include</Filter>
    </ClInclude>
    <ClInclude Include="..\include\platform.h">
      <Filter>include</Filter>
    </ClInclude>
    <ClInclude Include="..\include\rdp.h">
      <Filter>include</Filter>
    </ClInclude>
    <ClInclude Include="..\include\rdp_def.h">
      <Filter>include</Filter>
    </ClInclude>
  </ItemGroup>
</Project>